
Microsoft Visual Studio Solution File, Format Version 12.00
# Visual Studio 15
VisualStudioVersion = 15.0.28010.2016
MinimumVisualStudioVersion = 10.0.40219.1
Project("{FAE04EC0-301F-11D3-BF4B-00C04F79EFBC}") = "Parse", "Parse\Parse.csproj", "{8CF24997-90FF-4418-9D8E-A8E313788E05}"
EndProject
Project("{FAE04EC0-301F-11D3-BF4B-00C04F79EFBC}") = "DevReport", "DevReport\DevReport.csproj", "{C875FABA-C463-4DF8-946C-FF9992ABC206}"
EndProject
Project("{FAE04EC0-301F-11D3-BF4B-00C04F79EFBC}") = "MainLibrary", "ParseLibrary\MainLibrary.csproj", "{A6D47EA3-B14F-4624-94C7-F7539482CFA4}"
EndProject
Project("{FAE04EC0-301F-11D3-BF4B-00C04F79EFBC}") = "QAReport", "QAReport\QAReport.csproj", "{22BD32BA-ACF6-451C-99EB-02EF08C679F5}"
EndProject
Project("{FAE04EC0-301F-11D3-BF4B-00C04F79EFBC}") = "HelpDeskReporter", "HelpDeskReporter\HelpDeskReporter.csproj", "{70DE3F1A-9AA7-4385-A23D-CE2FC483B41F}"
EndProject
Global
	GlobalSection(SolutionConfigurationPlatforms) = preSolution
		Debug|Any CPU = Debug|Any CPU
		Release|Any CPU = Release|Any CPU
	EndGlobalSection
	GlobalSection(ProjectConfigurationPlatforms) = postSolution
		{8CF24997-90FF-4418-9D8E-A8E313788E05}.Debug|Any CPU.ActiveCfg = Debug|Any CPU
		{8CF24997-90FF-4418-9D8E-A8E313788E05}.Debug|Any CPU.Build.0 = Debug|Any CPU
		{8CF24997-90FF-4418-9D8E-A8E313788E05}.Release|Any CPU.ActiveCfg = Release|Any CPU
		{8CF24997-90FF-4418-9D8E-A8E313788E05}.Release|Any CPU.Build.0 = Release|Any CPU
		{C875FABA-C463-4DF8-946C-FF9992ABC206}.Debug|Any CPU.ActiveCfg = Debug|Any CPU
		{C875FABA-C463-4DF8-946C-FF9992ABC206}.Debug|Any CPU.Build.0 = Debug|Any CPU
		{C875FABA-C463-4DF8-946C-FF9992ABC206}.Release|Any CPU.ActiveCfg = Release|Any CPU
		{C875FABA-C463-4DF8-946C-FF9992ABC206}.Release|Any CPU.Build.0 = Release|Any CPU
		{A6D47EA3-B14F-4624-94C7-F7539482CFA4}.Debug|Any CPU.ActiveCfg = Debug|Any CPU
		{A6D47EA3-B14F-4624-94C7-F7539482CFA4}.Debug|Any CPU.Build.0 = Debug|Any CPU
		{A6D47EA3-B14F-4624-94C7-F7539482CFA4}.Release|Any CPU.ActiveCfg = Release|Any CPU
		{A6D47EA3-B14F-4624-94C7-F7539482CFA4}.Release|Any CPU.Build.0 = Release|Any CPU
		{22BD32BA-ACF6-451C-99EB-02EF08C679F5}.Debug|Any CPU.ActiveCfg = Debug|Any CPU
		{22BD32BA-ACF6-451C-99EB-02EF08C679F5}.Debug|Any CPU.Build.0 = Debug|Any CPU
		{22BD32BA-ACF6-451C-99EB-02EF08C679F5}.Release|Any CPU.ActiveCfg = Release|Any CPU
		{22BD32BA-ACF6-451C-99EB-02EF08C679F5}.Release|Any CPU.Build.0 = Release|Any CPU
		{70DE3F1A-9AA7-4385-A23D-CE2FC483B41F}.Debug|Any CPU.ActiveCfg = Debug|Any CPU
		{70DE3F1A-9AA7-4385-A23D-CE2FC483B41F}.Debug|Any CPU.Build.0 = Debug|Any CPU
		{70DE3F1A-9AA7-4385-A23D-CE2FC483B41F}.Release|Any CPU.ActiveCfg = Release|Any CPU
		{70DE3F1A-9AA7-4385-A23D-CE2FC483B41F}.Release|Any CPU.Build.0 = Release|Any CPU
	EndGlobalSection
	GlobalSection(SolutionProperties) = preSolution
		HideSolutionNode = FALSE
	EndGlobalSection
	GlobalSection(ExtensibilityGlobals) = postSolution
		SolutionGuid = {395C32F1-8A08-4FDA-B237-34D54FB48282}
	EndGlobalSection
EndGlobal
